
Microsoft Visual Studio Solution File, Format Version 12.00
Project("{FAE04EC0-301F-11D3-BF4B-00C04F79EFBC}") = "Robook", "Robook\Robook.csproj", "{668461D8-72A7-497C-83A9-2B596341CDF7}"
EndProject
Project("{FAE04EC0-301F-11D3-BF4B-00C04F79EFBC}") = "Rithmic", "Rithmic\Rithmic.csproj", "{5147DC54-3D45-484E-B1A0-C9AD230B1813}"
EndProject
Project("{FAE04EC0-301F-11D3-BF4B-00C04F79EFBC}") = "RithmicTest", "RithmicTest\RithmicTest.csproj", "{7005E073-F47E-4C1E-9DCD-19773D4FB88A}"
EndProject
Project("{FAE04EC0-301F-11D3-BF4B-00C04F79EFBC}") = "Robook.UnitTest", "Robook.UnitTest\Robook.UnitTest.csproj", "{96E9BF64-868D-4FB0-BC22-89625B54E6B3}"
EndProject
Global
	GlobalSection(SolutionConfigurationPlatforms) = preSolution
		Debug|Any CPU = Debug|Any CPU
		Release|Any CPU = Release|Any CPU
	EndGlobalSection
	GlobalSection(ProjectConfigurationPlatforms) = postSolution
		{668461D8-72A7-497C-83A9-2B596341CDF7}.Debug|Any CPU.ActiveCfg = Debug|Any CPU
		{668461D8-72A7-497C-83A9-2B596341CDF7}.Debug|Any CPU.Build.0 = Debug|Any CPU
		{668461D8-72A7-497C-83A9-2B596341CDF7}.Release|Any CPU.ActiveCfg = Release|Any CPU
		{668461D8-72A7-497C-83A9-2B596341CDF7}.Release|Any CPU.Build.0 = Release|Any CPU
		{5147DC54-3D45-484E-B1A0-C9AD230B1813}.Debug|Any CPU.ActiveCfg = Debug|Any CPU
		{5147DC54-3D45-484E-B1A0-C9AD230B1813}.Debug|Any CPU.Build.0 = Debug|Any CPU
		{5147DC54-3D45-484E-B1A0-C9AD230B1813}.Release|Any CPU.ActiveCfg = Release|Any CPU
		{5147DC54-3D45-484E-B1A0-C9AD230B1813}.Release|Any CPU.Build.0 = Release|Any CPU
		{7005E073-F47E-4C1E-9DCD-19773D4FB88A}.Debug|Any CPU.ActiveCfg = Debug|Any CPU
		{7005E073-F47E-4C1E-9DCD-19773D4FB88A}.Debug|Any CPU.Build.0 = Debug|Any CPU
		{7005E073-F47E-4C1E-9DCD-19773D4FB88A}.Release|Any CPU.ActiveCfg = Release|Any CPU
		{7005E073-F47E-4C1E-9DCD-19773D4FB88A}.Release|Any CPU.Build.0 = Release|Any CPU
		{96E9BF64-868D-4FB0-BC22-89625B54E6B3}.Debug|Any CPU.ActiveCfg = Debug|Any CPU
		{96E9BF64-868D-4FB0-BC22-89625B54E6B3}.Debug|Any CPU.Build.0 = Debug|Any CPU
		{96E9BF64-868D-4FB0-BC22-89625B54E6B3}.Release|Any CPU.ActiveCfg = Release|Any CPU
		{96E9BF64-868D-4FB0-BC22-89625B54E6B3}.Release|Any CPU.Build.0 = Release|Any CPU
	EndGlobalSection
EndGlobal
