
Microsoft Visual Studio Solution File, Format Version 12.00
# Visual Studio Version 17
VisualStudioVersion = 17.10.35027.167
MinimumVisualStudioVersion = 10.0.40219.1
Project("{FAE04EC0-301F-11D3-BF4B-00C04F79EFBC}") = "Rithmic.Core", "packages\csharp\Rithmic\Rithmic.Core\Rithmic.Core.csproj", "{67DE6029-EE3A-4AB5-8E8B-85A21AC1C74F}"
EndProject
Project("{FAE04EC0-301F-11D3-BF4B-00C04F79EFBC}") = "Rithmic.Core.UnitTest", "packages\csharp\Rithmic\Rithmic.Core.UnitTest\Rithmic.Core.UnitTest.csproj", "{46C3BE3D-2979-4904-84D1-9D31F694632C}"
EndProject
Project("{2150E333-8FDC-42A3-9474-1A3956D46DE8}") = "Rithmic", "Rithmic", "{B89143C9-135A-4280-877E-E5D2939EA173}"
EndProject
Project("{2150E333-8FDC-42A3-9474-1A3956D46DE8}") = "packages", "packages", "{933461C5-CEB8-4747-A19E-8F134A2F1FBC}"
EndProject
Project("{2150E333-8FDC-42A3-9474-1A3956D46DE8}") = "Futures", "Futures", "{E9CF0C6B-8447-4A99-8504-C11354223CB6}"
EndProject
Project("{FAE04EC0-301F-11D3-BF4B-00C04F79EFBC}") = "Futures.Core", "packages\csharp\Futures\Futures.Core\Futures.Core.csproj", "{A615D7B9-3BB3-4542-A585-3965CC65F49C}"
EndProject
Project("{2150E333-8FDC-42A3-9474-1A3956D46DE8}") = "Storage", "Storage", "{A47FB31D-B60D-4709-A025-DEC60C7F3AF3}"
EndProject
Project("{FAE04EC0-301F-11D3-BF4B-00C04F79EFBC}") = "Storage.Core", "packages\csharp\Storage\Storage.Core\Storage.Core.csproj", "{E8D25622-0BCD-4697-A3BC-F6D078DD0DAF}"
EndProject
Project("{FAE04EC0-301F-11D3-BF4B-00C04F79EFBC}") = "Storage.Core.UnitTest", "packages\csharp\Storage\Storage.Core.UnitTest\Storage.Core.UnitTest.csproj", "{44873D5F-3E7D-4E61-B169-DB2F17D74355}"
EndProject
Project("{FAE04EC0-301F-11D3-BF4B-00C04F79EFBC}") = "Rithmic.Symbol", "packages\csharp\Rithmic\Rithmic.Symbol\Rithmic.Symbol.csproj", "{001910BE-4B7B-4E52-8967-BEE2B99CE763}"
EndProject
Project("{2150E333-8FDC-42A3-9474-1A3956D46DE8}") = "Types", "Types", "{05074CDB-336E-4BD2-9252-8971BE8F08BB}"
EndProject
Project("{FAE04EC0-301F-11D3-BF4B-00C04F79EFBC}") = "Types.OrderBook", "packages\csharp\Types\Types.OrderBook\Types.OrderBook.csproj", "{EC8B2F2D-66C3-4E1C-A875-31EEE174842C}"
EndProject
Global
	GlobalSection(SolutionConfigurationPlatforms) = preSolution
		Debug|Any CPU = Debug|Any CPU
		Release|Any CPU = Release|Any CPU
	EndGlobalSection
	GlobalSection(ProjectConfigurationPlatforms) = postSolution
		{5147DC54-3D45-484E-B1A0-C9AD230B1813}.Debug|Any CPU.ActiveCfg = Debug|Any CPU
		{5147DC54-3D45-484E-B1A0-C9AD230B1813}.Debug|Any CPU.Build.0 = Debug|Any CPU
		{5147DC54-3D45-484E-B1A0-C9AD230B1813}.Release|Any CPU.ActiveCfg = Release|Any CPU
		{5147DC54-3D45-484E-B1A0-C9AD230B1813}.Release|Any CPU.Build.0 = Release|Any CPU
		{7005E073-F47E-4C1E-9DCD-19773D4FB88A}.Debug|Any CPU.ActiveCfg = Debug|Any CPU
		{7005E073-F47E-4C1E-9DCD-19773D4FB88A}.Debug|Any CPU.Build.0 = Debug|Any CPU
		{7005E073-F47E-4C1E-9DCD-19773D4FB88A}.Release|Any CPU.ActiveCfg = Release|Any CPU
		{7005E073-F47E-4C1E-9DCD-19773D4FB88A}.Release|Any CPU.Build.0 = Release|Any CPU
		{EAA208FA-28B8-4C81-A824-ED74B4330E8B}.Debug|Any CPU.ActiveCfg = Debug|Any CPU
		{EAA208FA-28B8-4C81-A824-ED74B4330E8B}.Debug|Any CPU.Build.0 = Debug|Any CPU
		{EAA208FA-28B8-4C81-A824-ED74B4330E8B}.Release|Any CPU.ActiveCfg = Release|Any CPU
		{EAA208FA-28B8-4C81-A824-ED74B4330E8B}.Release|Any CPU.Build.0 = Release|Any CPU
		{995E69C4-51F1-44AA-9FBB-FF625477AEFF}.Debug|Any CPU.ActiveCfg = Debug|Any CPU
		{995E69C4-51F1-44AA-9FBB-FF625477AEFF}.Debug|Any CPU.Build.0 = Debug|Any CPU
		{995E69C4-51F1-44AA-9FBB-FF625477AEFF}.Release|Any CPU.ActiveCfg = Release|Any CPU
		{995E69C4-51F1-44AA-9FBB-FF625477AEFF}.Release|Any CPU.Build.0 = Release|Any CPU
		{BF60704E-1DCE-46AF-A761-55C6A3BDC6C2}.Debug|Any CPU.ActiveCfg = Debug|Any CPU
		{BF60704E-1DCE-46AF-A761-55C6A3BDC6C2}.Debug|Any CPU.Build.0 = Debug|Any CPU
		{BF60704E-1DCE-46AF-A761-55C6A3BDC6C2}.Debug|Any CPU.Deploy.0 = Debug|Any CPU
		{BF60704E-1DCE-46AF-A761-55C6A3BDC6C2}.Release|Any CPU.ActiveCfg = Release|Any CPU
		{BF60704E-1DCE-46AF-A761-55C6A3BDC6C2}.Release|Any CPU.Build.0 = Release|Any CPU
		{1B5865AE-198E-4E35-865E-CD888D7C613F}.Debug|Any CPU.ActiveCfg = Debug|Any CPU
		{1B5865AE-198E-4E35-865E-CD888D7C613F}.Debug|Any CPU.Build.0 = Debug|Any CPU
		{1B5865AE-198E-4E35-865E-CD888D7C613F}.Release|Any CPU.ActiveCfg = Release|Any CPU
		{1B5865AE-198E-4E35-865E-CD888D7C613F}.Release|Any CPU.Build.0 = Release|Any CPU
		{790F3C35-AFED-42E2-8A51-412E8132CB73}.Debug|Any CPU.ActiveCfg = Debug|Any CPU
		{790F3C35-AFED-42E2-8A51-412E8132CB73}.Debug|Any CPU.Build.0 = Debug|Any CPU
		{790F3C35-AFED-42E2-8A51-412E8132CB73}.Release|Any CPU.ActiveCfg = Release|Any CPU
		{790F3C35-AFED-42E2-8A51-412E8132CB73}.Release|Any CPU.Build.0 = Release|Any CPU
		{0DA4D7DA-1097-45FE-8198-A24CBDF5E4E1}.Debug|Any CPU.ActiveCfg = Debug|Any CPU
		{0DA4D7DA-1097-45FE-8198-A24CBDF5E4E1}.Debug|Any CPU.Build.0 = Debug|Any CPU
		{0DA4D7DA-1097-45FE-8198-A24CBDF5E4E1}.Release|Any CPU.ActiveCfg = Release|Any CPU
		{0DA4D7DA-1097-45FE-8198-A24CBDF5E4E1}.Release|Any CPU.Build.0 = Release|Any CPU
		{7DB24733-1FD9-46C4-AA6F-5ADDA2CEF3E6}.Debug|Any CPU.ActiveCfg = Debug|Any CPU
		{7DB24733-1FD9-46C4-AA6F-5ADDA2CEF3E6}.Debug|Any CPU.Build.0 = Debug|Any CPU
		{7DB24733-1FD9-46C4-AA6F-5ADDA2CEF3E6}.Release|Any CPU.ActiveCfg = Release|Any CPU
		{7DB24733-1FD9-46C4-AA6F-5ADDA2CEF3E6}.Release|Any CPU.Build.0 = Release|Any CPU
		{67DE6029-EE3A-4AB5-8E8B-85A21AC1C74F}.Debug|Any CPU.ActiveCfg = Debug|Any CPU
		{67DE6029-EE3A-4AB5-8E8B-85A21AC1C74F}.Debug|Any CPU.Build.0 = Debug|Any CPU
		{67DE6029-EE3A-4AB5-8E8B-85A21AC1C74F}.Release|Any CPU.ActiveCfg = Release|Any CPU
		{67DE6029-EE3A-4AB5-8E8B-85A21AC1C74F}.Release|Any CPU.Build.0 = Release|Any CPU
		{46C3BE3D-2979-4904-84D1-9D31F694632C}.Debug|Any CPU.ActiveCfg = Debug|Any CPU
		{46C3BE3D-2979-4904-84D1-9D31F694632C}.Debug|Any CPU.Build.0 = Debug|Any CPU
		{46C3BE3D-2979-4904-84D1-9D31F694632C}.Release|Any CPU.ActiveCfg = Release|Any CPU
		{46C3BE3D-2979-4904-84D1-9D31F694632C}.Release|Any CPU.Build.0 = Release|Any CPU
		{A615D7B9-3BB3-4542-A585-3965CC65F49C}.Debug|Any CPU.ActiveCfg = Debug|Any CPU
		{A615D7B9-3BB3-4542-A585-3965CC65F49C}.Debug|Any CPU.Build.0 = Debug|Any CPU
		{A615D7B9-3BB3-4542-A585-3965CC65F49C}.Release|Any CPU.ActiveCfg = Release|Any CPU
		{A615D7B9-3BB3-4542-A585-3965CC65F49C}.Release|Any CPU.Build.0 = Release|Any CPU
		{E8D25622-0BCD-4697-A3BC-F6D078DD0DAF}.Debug|Any CPU.ActiveCfg = Debug|Any CPU
		{E8D25622-0BCD-4697-A3BC-F6D078DD0DAF}.Debug|Any CPU.Build.0 = Debug|Any CPU
		{E8D25622-0BCD-4697-A3BC-F6D078DD0DAF}.Release|Any CPU.ActiveCfg = Release|Any CPU
		{E8D25622-0BCD-4697-A3BC-F6D078DD0DAF}.Release|Any CPU.Build.0 = Release|Any CPU
		{44873D5F-3E7D-4E61-B169-DB2F17D74355}.Debug|Any CPU.ActiveCfg = Debug|Any CPU
		{44873D5F-3E7D-4E61-B169-DB2F17D74355}.Debug|Any CPU.Build.0 = Debug|Any CPU
		{44873D5F-3E7D-4E61-B169-DB2F17D74355}.Release|Any CPU.ActiveCfg = Release|Any CPU
		{44873D5F-3E7D-4E61-B169-DB2F17D74355}.Release|Any CPU.Build.0 = Release|Any CPU
		{001910BE-4B7B-4E52-8967-BEE2B99CE763}.Debug|Any CPU.ActiveCfg = Debug|Any CPU
		{001910BE-4B7B-4E52-8967-BEE2B99CE763}.Debug|Any CPU.Build.0 = Debug|Any CPU
		{001910BE-4B7B-4E52-8967-BEE2B99CE763}.Release|Any CPU.ActiveCfg = Release|Any CPU
		{001910BE-4B7B-4E52-8967-BEE2B99CE763}.Release|Any CPU.Build.0 = Release|Any CPU
		{EC8B2F2D-66C3-4E1C-A875-31EEE174842C}.Debug|Any CPU.ActiveCfg = Debug|Any CPU
		{EC8B2F2D-66C3-4E1C-A875-31EEE174842C}.Debug|Any CPU.Build.0 = Debug|Any CPU
		{EC8B2F2D-66C3-4E1C-A875-31EEE174842C}.Release|Any CPU.ActiveCfg = Release|Any CPU
		{EC8B2F2D-66C3-4E1C-A875-31EEE174842C}.Release|Any CPU.Build.0 = Release|Any CPU
	EndGlobalSection
	GlobalSection(SolutionProperties) = preSolution
		HideSolutionNode = FALSE
	EndGlobalSection
	GlobalSection(NestedProjects) = preSolution
		{0DA4D7DA-1097-45FE-8198-A24CBDF5E4E1} = {E009AEBF-55E4-4363-B7E8-D1256415410A}
		{7DB24733-1FD9-46C4-AA6F-5ADDA2CEF3E6} = {E009AEBF-55E4-4363-B7E8-D1256415410A}
		{67DE6029-EE3A-4AB5-8E8B-85A21AC1C74F} = {B89143C9-135A-4280-877E-E5D2939EA173}
		{46C3BE3D-2979-4904-84D1-9D31F694632C} = {B89143C9-135A-4280-877E-E5D2939EA173}
		{B89143C9-135A-4280-877E-E5D2939EA173} = {933461C5-CEB8-4747-A19E-8F134A2F1FBC}
		{E9CF0C6B-8447-4A99-8504-C11354223CB6} = {933461C5-CEB8-4747-A19E-8F134A2F1FBC}
		{A615D7B9-3BB3-4542-A585-3965CC65F49C} = {E9CF0C6B-8447-4A99-8504-C11354223CB6}
		{A47FB31D-B60D-4709-A025-DEC60C7F3AF3} = {933461C5-CEB8-4747-A19E-8F134A2F1FBC}
		{E8D25622-0BCD-4697-A3BC-F6D078DD0DAF} = {A47FB31D-B60D-4709-A025-DEC60C7F3AF3}
		{44873D5F-3E7D-4E61-B169-DB2F17D74355} = {A47FB31D-B60D-4709-A025-DEC60C7F3AF3}
		{001910BE-4B7B-4E52-8967-BEE2B99CE763} = {B89143C9-135A-4280-877E-E5D2939EA173}
		{05074CDB-336E-4BD2-9252-8971BE8F08BB} = {933461C5-CEB8-4747-A19E-8F134A2F1FBC}
		{EC8B2F2D-66C3-4E1C-A875-31EEE174842C} = {05074CDB-336E-4BD2-9252-8971BE8F08BB}
	EndGlobalSection
EndGlobal
